
Microsoft Visual Studio Solution File, Format Version 12.00
# Visual Studio Version 16
VisualStudioVersion = 16.0.32510.428
MinimumVisualStudioVersion = 10.0.40219.1
Project("{FAE04EC0-301F-11D3-BF4B-00C04F79EFBC}") = "praktikum w14", "praktikum w14\praktikum w14.csproj", "{18B8D1B4-A600-49FE-B1C2-358A6B05A3E0}"
EndProject
Global
	GlobalSection(SolutionConfigurationPlatforms) = preSolution
		Debug|Any CPU = Debug|Any CPU
		Release|Any CPU = Release|Any CPU
	EndGlobalSection
	GlobalSection(ProjectConfigurationPlatforms) = postSolution
		{18B8D1B4-A600-49FE-B1C2-358A6B05A3E0}.Debug|Any CPU.ActiveCfg = Debug|Any CPU
		{18B8D1B4-A600-49FE-B1C2-358A6B05A3E0}.Debug|Any CPU.Build.0 = Debug|Any CPU
		{18B8D1B4-A600-49FE-B1C2-358A6B05A3E0}.Release|Any CPU.ActiveCfg = Release|Any CPU
		{18B8D1B4-A600-49FE-B1C2-358A6B05A3E0}.Release|Any CPU.Build.0 = Release|Any CPU
	EndGlobalSection
	GlobalSection(SolutionProperties) = preSolution
		HideSolutionNode = FALSE
	EndGlobalSection
	GlobalSection(ExtensibilityGlobals) = postSolution
		SolutionGuid = {13B143F8-BAD3-4D9F-827E-E15B6B4FF9BD}
	EndGlobalSection
EndGlobal
